
Microsoft Visual Studio Solution File, Format Version 12.00
# Visual Studio Version 17
VisualStudioVersion = 17.0.31903.59
MinimumVisualStudioVersion = 10.0.40219.1
Project("{2150E333-8FDC-42A3-9474-1A3956D46DE8}") = "src", "src", "{827E0CD3-B72D-47B6-A68D-7590B98EB39B}"
EndProject
Project("{FAE04EC0-301F-11D3-BF4B-00C04F79EFBC}") = "DataverseSolutionCompiler.Agent", "src\DataverseSolutionCompiler.Agent\DataverseSolutionCompiler.Agent.csproj", "{2E5199A6-1F08-41D7-8E1A-AC9B3E9B7829}"
EndProject
Project("{FAE04EC0-301F-11D3-BF4B-00C04F79EFBC}") = "DataverseSolutionCompiler.Domain", "src\DataverseSolutionCompiler.Domain\DataverseSolutionCompiler.Domain.csproj", "{5E13ADE8-FD56-46F1-AB34-41CF8EB557C2}"
EndProject
Project("{FAE04EC0-301F-11D3-BF4B-00C04F79EFBC}") = "DataverseSolutionCompiler.Compiler", "src\DataverseSolutionCompiler.Compiler\DataverseSolutionCompiler.Compiler.csproj", "{C5E11315-446D-4836-ACEC-B6A0E58C1CE8}"
EndProject
Project("{FAE04EC0-301F-11D3-BF4B-00C04F79EFBC}") = "DataverseSolutionCompiler.Apply", "src\DataverseSolutionCompiler.Apply\DataverseSolutionCompiler.Apply.csproj", "{30C528E5-91F9-4830-A752-8DAE4725CBB2}"
EndProject
Project("{FAE04EC0-301F-11D3-BF4B-00C04F79EFBC}") = "DataverseSolutionCompiler.Cli", "src\DataverseSolutionCompiler.Cli\DataverseSolutionCompiler.Cli.csproj", "{C077B989-707F-4754-9B65-C0C93EAA2706}"
EndProject
Project("{FAE04EC0-301F-11D3-BF4B-00C04F79EFBC}") = "DataverseSolutionCompiler.Diff", "src\DataverseSolutionCompiler.Diff\DataverseSolutionCompiler.Diff.csproj", "{0C223B07-D0D3-49BE-9C04-7C0FE3F62FB7}"
EndProject
Project("{FAE04EC0-301F-11D3-BF4B-00C04F79EFBC}") = "DataverseSolutionCompiler.Emitters.Package", "src\DataverseSolutionCompiler.Emitters.Package\DataverseSolutionCompiler.Emitters.Package.csproj", "{553DB104-2A2A-45BC-9042-66214B8CEF56}"
EndProject
Project("{FAE04EC0-301F-11D3-BF4B-00C04F79EFBC}") = "DataverseSolutionCompiler.Emitters.TrackedSource", "src\DataverseSolutionCompiler.Emitters.TrackedSource\DataverseSolutionCompiler.Emitters.TrackedSource.csproj", "{44EDAFA5-8CC8-4D42-8947-C14A392AD899}"
EndProject
Project("{FAE04EC0-301F-11D3-BF4B-00C04F79EFBC}") = "DataverseSolutionCompiler.Packaging.Pac", "src\DataverseSolutionCompiler.Packaging.Pac\DataverseSolutionCompiler.Packaging.Pac.csproj", "{0571466C-D7D5-4C19-AC2B-6A5FABCE4CBE}"
EndProject
Project("{FAE04EC0-301F-11D3-BF4B-00C04F79EFBC}") = "DataverseSolutionCompiler.Readers.Live", "src\DataverseSolutionCompiler.Readers.Live\DataverseSolutionCompiler.Readers.Live.csproj", "{257E58F9-3653-403B-A28B-BA8FF9DB0FCA}"
EndProject
Project("{FAE04EC0-301F-11D3-BF4B-00C04F79EFBC}") = "DataverseSolutionCompiler.Readers.TrackedSource", "src\DataverseSolutionCompiler.Readers.TrackedSource\DataverseSolutionCompiler.Readers.TrackedSource.csproj", "{BA9BDD0F-F92F-4034-A081-1E118E9C5E63}"
EndProject
Project("{FAE04EC0-301F-11D3-BF4B-00C04F79EFBC}") = "DataverseSolutionCompiler.Readers.Xml", "src\DataverseSolutionCompiler.Readers.Xml\DataverseSolutionCompiler.Readers.Xml.csproj", "{774522C4-605E-4FF4-8043-04F82DB210F0}"
EndProject
Project("{2150E333-8FDC-42A3-9474-1A3956D46DE8}") = "tests", "tests", "{0AB3BF05-4346-4AA6-1389-037BE0695223}"
EndProject
Project("{FAE04EC0-301F-11D3-BF4B-00C04F79EFBC}") = "DataverseSolutionCompiler.E2ETests", "tests\DataverseSolutionCompiler.E2ETests\DataverseSolutionCompiler.E2ETests.csproj", "{92253303-3E20-4C68-ACF5-8A246622AB8E}"
EndProject
Project("{FAE04EC0-301F-11D3-BF4B-00C04F79EFBC}") = "DataverseSolutionCompiler.GoldenTests", "tests\DataverseSolutionCompiler.GoldenTests\DataverseSolutionCompiler.GoldenTests.csproj", "{4D19BBFD-3FC3-4C0C-A239-FF465ED2BCF0}"
EndProject
Project("{FAE04EC0-301F-11D3-BF4B-00C04F79EFBC}") = "DataverseSolutionCompiler.IntegrationTests", "tests\DataverseSolutionCompiler.IntegrationTests\DataverseSolutionCompiler.IntegrationTests.csproj", "{99BC5CB2-BA24-477C-8A31-998B5BA99B61}"
EndProject
Project("{FAE04EC0-301F-11D3-BF4B-00C04F79EFBC}") = "DataverseSolutionCompiler.UnitTests", "tests\DataverseSolutionCompiler.UnitTests\DataverseSolutionCompiler.UnitTests.csproj", "{B3A30607-53DB-46DD-B927-60BD5A35F068}"
EndProject
Project("{FAE04EC0-301F-11D3-BF4B-00C04F79EFBC}") = "DataverseSolutionCompiler.Readers.Code", "src\DataverseSolutionCompiler.Readers.Code\DataverseSolutionCompiler.Readers.Code.csproj", "{3787A0E0-A5FA-4DC3-8C17-C85A0D4DC832}"
EndProject
Global
	GlobalSection(SolutionConfigurationPlatforms) = preSolution
		Debug|Any CPU = Debug|Any CPU
		Debug|x64 = Debug|x64
		Debug|x86 = Debug|x86
		Release|Any CPU = Release|Any CPU
		Release|x64 = Release|x64
		Release|x86 = Release|x86
	EndGlobalSection
	GlobalSection(ProjectConfigurationPlatforms) = postSolution
		{2E5199A6-1F08-41D7-8E1A-AC9B3E9B7829}.Debug|Any CPU.ActiveCfg = Debug|Any CPU
		{2E5199A6-1F08-41D7-8E1A-AC9B3E9B7829}.Debug|Any CPU.Build.0 = Debug|Any CPU
		{2E5199A6-1F08-41D7-8E1A-AC9B3E9B7829}.Debug|x64.ActiveCfg = Debug|Any CPU
		{2E5199A6-1F08-41D7-8E1A-AC9B3E9B7829}.Debug|x64.Build.0 = Debug|Any CPU
		{2E5199A6-1F08-41D7-8E1A-AC9B3E9B7829}.Debug|x86.ActiveCfg = Debug|Any CPU
		{2E5199A6-1F08-41D7-8E1A-AC9B3E9B7829}.Debug|x86.Build.0 = Debug|Any CPU
		{2E5199A6-1F08-41D7-8E1A-AC9B3E9B7829}.Release|Any CPU.ActiveCfg = Release|Any CPU
		{2E5199A6-1F08-41D7-8E1A-AC9B3E9B7829}.Release|Any CPU.Build.0 = Release|Any CPU
		{2E5199A6-1F08-41D7-8E1A-AC9B3E9B7829}.Release|x64.ActiveCfg = Release|Any CPU
		{2E5199A6-1F08-41D7-8E1A-AC9B3E9B7829}.Release|x64.Build.0 = Release|Any CPU
		{2E5199A6-1F08-41D7-8E1A-AC9B3E9B7829}.Release|x86.ActiveCfg = Release|Any CPU
		{2E5199A6-1F08-41D7-8E1A-AC9B3E9B7829}.Release|x86.Build.0 = Release|Any CPU
		{5E13ADE8-FD56-46F1-AB34-41CF8EB557C2}.Debug|Any CPU.ActiveCfg = Debug|Any CPU
		{5E13ADE8-FD56-46F1-AB34-41CF8EB557C2}.Debug|Any CPU.Build.0 = Debug|Any CPU
		{5E13ADE8-FD56-46F1-AB34-41CF8EB557C2}.Debug|x64.ActiveCfg = Debug|Any CPU
		{5E13ADE8-FD56-46F1-AB34-41CF8EB557C2}.Debug|x64.Build.0 = Debug|Any CPU
		{5E13ADE8-FD56-46F1-AB34-41CF8EB557C2}.Debug|x86.ActiveCfg = Debug|Any CPU
		{5E13ADE8-FD56-46F1-AB34-41CF8EB557C2}.Debug|x86.Build.0 = Debug|Any CPU
		{5E13ADE8-FD56-46F1-AB34-41CF8EB557C2}.Release|Any CPU.ActiveCfg = Release|Any CPU
		{5E13ADE8-FD56-46F1-AB34-41CF8EB557C2}.Release|Any CPU.Build.0 = Release|Any CPU
		{5E13ADE8-FD56-46F1-AB34-41CF8EB557C2}.Release|x64.ActiveCfg = Release|Any CPU
		{5E13ADE8-FD56-46F1-AB34-41CF8EB557C2}.Release|x64.Build.0 = Release|Any CPU
		{5E13ADE8-FD56-46F1-AB34-41CF8EB557C2}.Release|x86.ActiveCfg = Release|Any CPU
		{5E13ADE8-FD56-46F1-AB34-41CF8EB557C2}.Release|x86.Build.0 = Release|Any CPU
		{C5E11315-446D-4836-ACEC-B6A0E58C1CE8}.Debug|Any CPU.ActiveCfg = Debug|Any CPU
		{C5E11315-446D-4836-ACEC-B6A0E58C1CE8}.Debug|Any CPU.Build.0 = Debug|Any CPU
		{C5E11315-446D-4836-ACEC-B6A0E58C1CE8}.Debug|x64.ActiveCfg = Debug|Any CPU
		{C5E11315-446D-4836-ACEC-B6A0E58C1CE8}.Debug|x64.Build.0 = Debug|Any CPU
		{C5E11315-446D-4836-ACEC-B6A0E58C1CE8}.Debug|x86.ActiveCfg = Debug|Any CPU
		{C5E11315-446D-4836-ACEC-B6A0E58C1CE8}.Debug|x86.Build.0 = Debug|Any CPU
		{C5E11315-446D-4836-ACEC-B6A0E58C1CE8}.Release|Any CPU.ActiveCfg = Release|Any CPU
		{C5E11315-446D-4836-ACEC-B6A0E58C1CE8}.Release|Any CPU.Build.0 = Release|Any CPU
		{C5E11315-446D-4836-ACEC-B6A0E58C1CE8}.Release|x64.ActiveCfg = Release|Any CPU
		{C5E11315-446D-4836-ACEC-B6A0E58C1CE8}.Release|x64.Build.0 = Release|Any CPU
		{C5E11315-446D-4836-ACEC-B6A0E58C1CE8}.Release|x86.ActiveCfg = Release|Any CPU
		{C5E11315-446D-4836-ACEC-B6A0E58C1CE8}.Release|x86.Build.0 = Release|Any CPU
		{30C528E5-91F9-4830-A752-8DAE4725CBB2}.Debug|Any CPU.ActiveCfg = Debug|Any CPU
		{30C528E5-91F9-4830-A752-8DAE4725CBB2}.Debug|Any CPU.Build.0 = Debug|Any CPU
		{30C528E5-91F9-4830-A752-8DAE4725CBB2}.Debug|x64.ActiveCfg = Debug|Any CPU
		{30C528E5-91F9-4830-A752-8DAE4725CBB2}.Debug|x64.Build.0 = Debug|Any CPU
		{30C528E5-91F9-4830-A752-8DAE4725CBB2}.Debug|x86.ActiveCfg = Debug|Any CPU
		{30C528E5-91F9-4830-A752-8DAE4725CBB2}.Debug|x86.Build.0 = Debug|Any CPU
		{30C528E5-91F9-4830-A752-8DAE4725CBB2}.Release|Any CPU.ActiveCfg = Release|Any CPU
		{30C528E5-91F9-4830-A752-8DAE4725CBB2}.Release|Any CPU.Build.0 = Release|Any CPU
		{30C528E5-91F9-4830-A752-8DAE4725CBB2}.Release|x64.ActiveCfg = Release|Any CPU
		{30C528E5-91F9-4830-A752-8DAE4725CBB2}.Release|x64.Build.0 = Release|Any CPU
		{30C528E5-91F9-4830-A752-8DAE4725CBB2}.Release|x86.ActiveCfg = Release|Any CPU
		{30C528E5-91F9-4830-A752-8DAE4725CBB2}.Release|x86.Build.0 = Release|Any CPU
		{C077B989-707F-4754-9B65-C0C93EAA2706}.Debug|Any CPU.ActiveCfg = Debug|Any CPU
		{C077B989-707F-4754-9B65-C0C93EAA2706}.Debug|Any CPU.Build.0 = Debug|Any CPU
		{C077B989-707F-4754-9B65-C0C93EAA2706}.Debug|x64.ActiveCfg = Debug|Any CPU
		{C077B989-707F-4754-9B65-C0C93EAA2706}.Debug|x64.Build.0 = Debug|Any CPU
		{C077B989-707F-4754-9B65-C0C93EAA2706}.Debug|x86.ActiveCfg = Debug|Any CPU
		{C077B989-707F-4754-9B65-C0C93EAA2706}.Debug|x86.Build.0 = Debug|Any CPU
		{C077B989-707F-4754-9B65-C0C93EAA2706}.Release|Any CPU.ActiveCfg = Release|Any CPU
		{C077B989-707F-4754-9B65-C0C93EAA2706}.Release|Any CPU.Build.0 = Release|Any CPU
		{C077B989-707F-4754-9B65-C0C93EAA2706}.Release|x64.ActiveCfg = Release|Any CPU
		{C077B989-707F-4754-9B65-C0C93EAA2706}.Release|x64.Build.0 = Release|Any CPU
		{C077B989-707F-4754-9B65-C0C93EAA2706}.Release|x86.ActiveCfg = Release|Any CPU
		{C077B989-707F-4754-9B65-C0C93EAA2706}.Release|x86.Build.0 = Release|Any CPU
		{0C223B07-D0D3-49BE-9C04-7C0FE3F62FB7}.Debug|Any CPU.ActiveCfg = Debug|Any CPU
		{0C223B07-D0D3-49BE-9C04-7C0FE3F62FB7}.Debug|Any CPU.Build.0 = Debug|Any CPU
		{0C223B07-D0D3-49BE-9C04-7C0FE3F62FB7}.Debug|x64.ActiveCfg = Debug|Any CPU
		{0C223B07-D0D3-49BE-9C04-7C0FE3F62FB7}.Debug|x64.Build.0 = Debug|Any CPU
		{0C223B07-D0D3-49BE-9C04-7C0FE3F62FB7}.Debug|x86.ActiveCfg = Debug|Any CPU
		{0C223B07-D0D3-49BE-9C04-7C0FE3F62FB7}.Debug|x86.Build.0 = Debug|Any CPU
		{0C223B07-D0D3-49BE-9C04-7C0FE3F62FB7}.Release|Any CPU.ActiveCfg = Release|Any CPU
		{0C223B07-D0D3-49BE-9C04-7C0FE3F62FB7}.Release|Any CPU.Build.0 = Release|Any CPU
		{0C223B07-D0D3-49BE-9C04-7C0FE3F62FB7}.Release|x64.ActiveCfg = Release|Any CPU
		{0C223B07-D0D3-49BE-9C04-7C0FE3F62FB7}.Release|x64.Build.0 = Release|Any CPU
		{0C223B07-D0D3-49BE-9C04-7C0FE3F62FB7}.Release|x86.ActiveCfg = Release|Any CPU
		{0C223B07-D0D3-49BE-9C04-7C0FE3F62FB7}.Release|x86.Build.0 = Release|Any CPU
		{553DB104-2A2A-45BC-9042-66214B8CEF56}.Debug|Any CPU.ActiveCfg = Debug|Any CPU
		{553DB104-2A2A-45BC-9042-66214B8CEF56}.Debug|Any CPU.Build.0 = Debug|Any CPU
		{553DB104-2A2A-45BC-9042-66214B8CEF56}.Debug|x64.ActiveCfg = Debug|Any CPU
		{553DB104-2A2A-45BC-9042-66214B8CEF56}.Debug|x64.Build.0 = Debug|Any CPU
		{553DB104-2A2A-45BC-9042-66214B8CEF56}.Debug|x86.ActiveCfg = Debug|Any CPU
		{553DB104-2A2A-45BC-9042-66214B8CEF56}.Debug|x86.Build.0 = Debug|Any CPU
		{553DB104-2A2A-45BC-9042-66214B8CEF56}.Release|Any CPU.ActiveCfg = Release|Any CPU
		{553DB104-2A2A-45BC-9042-66214B8CEF56}.Release|Any CPU.Build.0 = Release|Any CPU
		{553DB104-2A2A-45BC-9042-66214B8CEF56}.Release|x64.ActiveCfg = Release|Any CPU
		{553DB104-2A2A-45BC-9042-66214B8CEF56}.Release|x64.Build.0 = Release|Any CPU
		{553DB104-2A2A-45BC-9042-66214B8CEF56}.Release|x86.ActiveCfg = Release|Any CPU
		{553DB104-2A2A-45BC-9042-66214B8CEF56}.Release|x86.Build.0 = Release|Any CPU
		{44EDAFA5-8CC8-4D42-8947-C14A392AD899}.Debug|Any CPU.ActiveCfg = Debug|Any CPU
		{44EDAFA5-8CC8-4D42-8947-C14A392AD899}.Debug|Any CPU.Build.0 = Debug|Any CPU
		{44EDAFA5-8CC8-4D42-8947-C14A392AD899}.Debug|x64.ActiveCfg = Debug|Any CPU
		{44EDAFA5-8CC8-4D42-8947-C14A392AD899}.Debug|x64.Build.0 = Debug|Any CPU
		{44EDAFA5-8CC8-4D42-8947-C14A392AD899}.Debug|x86.ActiveCfg = Debug|Any CPU
		{44EDAFA5-8CC8-4D42-8947-C14A392AD899}.Debug|x86.Build.0 = Debug|Any CPU
		{44EDAFA5-8CC8-4D42-8947-C14A392AD899}.Release|Any CPU.ActiveCfg = Release|Any CPU
		{44EDAFA5-8CC8-4D42-8947-C14A392AD899}.Release|Any CPU.Build.0 = Release|Any CPU
		{44EDAFA5-8CC8-4D42-8947-C14A392AD899}.Release|x64.ActiveCfg = Release|Any CPU
		{44EDAFA5-8CC8-4D42-8947-C14A392AD899}.Release|x64.Build.0 = Release|Any CPU
		{44EDAFA5-8CC8-4D42-8947-C14A392AD899}.Release|x86.ActiveCfg = Release|Any CPU
		{44EDAFA5-8CC8-4D42-8947-C14A392AD899}.Release|x86.Build.0 = Release|Any CPU
		{0571466C-D7D5-4C19-AC2B-6A5FABCE4CBE}.Debug|Any CPU.ActiveCfg = Debug|Any CPU
		{0571466C-D7D5-4C19-AC2B-6A5FABCE4CBE}.Debug|Any CPU.Build.0 = Debug|Any CPU
		{0571466C-D7D5-4C19-AC2B-6A5FABCE4CBE}.Debug|x64.ActiveCfg = Debug|Any CPU
		{0571466C-D7D5-4C19-AC2B-6A5FABCE4CBE}.Debug|x64.Build.0 = Debug|Any CPU
		{0571466C-D7D5-4C19-AC2B-6A5FABCE4CBE}.Debug|x86.ActiveCfg = Debug|Any CPU
		{0571466C-D7D5-4C19-AC2B-6A5FABCE4CBE}.Debug|x86.Build.0 = Debug|Any CPU
		{0571466C-D7D5-4C19-AC2B-6A5FABCE4CBE}.Release|Any CPU.ActiveCfg = Release|Any CPU
		{0571466C-D7D5-4C19-AC2B-6A5FABCE4CBE}.Release|Any CPU.Build.0 = Release|Any CPU
		{0571466C-D7D5-4C19-AC2B-6A5FABCE4CBE}.Release|x64.ActiveCfg = Release|Any CPU
		{0571466C-D7D5-4C19-AC2B-6A5FABCE4CBE}.Release|x64.Build.0 = Release|Any CPU
		{0571466C-D7D5-4C19-AC2B-6A5FABCE4CBE}.Release|x86.ActiveCfg = Release|Any CPU
		{0571466C-D7D5-4C19-AC2B-6A5FABCE4CBE}.Release|x86.Build.0 = Release|Any CPU
		{257E58F9-3653-403B-A28B-BA8FF9DB0FCA}.Debug|Any CPU.ActiveCfg = Debug|Any CPU
		{257E58F9-3653-403B-A28B-BA8FF9DB0FCA}.Debug|Any CPU.Build.0 = Debug|Any CPU
		{257E58F9-3653-403B-A28B-BA8FF9DB0FCA}.Debug|x64.ActiveCfg = Debug|Any CPU
		{257E58F9-3653-403B-A28B-BA8FF9DB0FCA}.Debug|x64.Build.0 = Debug|Any CPU
		{257E58F9-3653-403B-A28B-BA8FF9DB0FCA}.Debug|x86.ActiveCfg = Debug|Any CPU
		{257E58F9-3653-403B-A28B-BA8FF9DB0FCA}.Debug|x86.Build.0 = Debug|Any CPU
		{257E58F9-3653-403B-A28B-BA8FF9DB0FCA}.Release|Any CPU.ActiveCfg = Release|Any CPU
		{257E58F9-3653-403B-A28B-BA8FF9DB0FCA}.Release|Any CPU.Build.0 = Release|Any CPU
		{257E58F9-3653-403B-A28B-BA8FF9DB0FCA}.Release|x64.ActiveCfg = Release|Any CPU
		{257E58F9-3653-403B-A28B-BA8FF9DB0FCA}.Release|x64.Build.0 = Release|Any CPU
		{257E58F9-3653-403B-A28B-BA8FF9DB0FCA}.Release|x86.ActiveCfg = Release|Any CPU
		{257E58F9-3653-403B-A28B-BA8FF9DB0FCA}.Release|x86.Build.0 = Release|Any CPU
		{BA9BDD0F-F92F-4034-A081-1E118E9C5E63}.Debug|Any CPU.ActiveCfg = Debug|Any CPU
		{BA9BDD0F-F92F-4034-A081-1E118E9C5E63}.Debug|Any CPU.Build.0 = Debug|Any CPU
		{BA9BDD0F-F92F-4034-A081-1E118E9C5E63}.Debug|x64.ActiveCfg = Debug|Any CPU
		{BA9BDD0F-F92F-4034-A081-1E118E9C5E63}.Debug|x64.Build.0 = Debug|Any CPU
		{BA9BDD0F-F92F-4034-A081-1E118E9C5E63}.Debug|x86.ActiveCfg = Debug|Any CPU
		{BA9BDD0F-F92F-4034-A081-1E118E9C5E63}.Debug|x86.Build.0 = Debug|Any CPU
		{BA9BDD0F-F92F-4034-A081-1E118E9C5E63}.Release|Any CPU.ActiveCfg = Release|Any CPU
		{BA9BDD0F-F92F-4034-A081-1E118E9C5E63}.Release|Any CPU.Build.0 = Release|Any CPU
		{BA9BDD0F-F92F-4034-A081-1E118E9C5E63}.Release|x64.ActiveCfg = Release|Any CPU
		{BA9BDD0F-F92F-4034-A081-1E118E9C5E63}.Release|x64.Build.0 = Release|Any CPU
		{BA9BDD0F-F92F-4034-A081-1E118E9C5E63}.Release|x86.ActiveCfg = Release|Any CPU
		{BA9BDD0F-F92F-4034-A081-1E118E9C5E63}.Release|x86.Build.0 = Release|Any CPU
		{774522C4-605E-4FF4-8043-04F82DB210F0}.Debug|Any CPU.ActiveCfg = Debug|Any CPU
		{774522C4-605E-4FF4-8043-04F82DB210F0}.Debug|Any CPU.Build.0 = Debug|Any CPU
		{774522C4-605E-4FF4-8043-04F82DB210F0}.Debug|x64.ActiveCfg = Debug|Any CPU
		{774522C4-605E-4FF4-8043-04F82DB210F0}.Debug|x64.Build.0 = Debug|Any CPU
		{774522C4-605E-4FF4-8043-04F82DB210F0}.Debug|x86.ActiveCfg = Debug|Any CPU
		{774522C4-605E-4FF4-8043-04F82DB210F0}.Debug|x86.Build.0 = Debug|Any CPU
		{774522C4-605E-4FF4-8043-04F82DB210F0}.Release|Any CPU.ActiveCfg = Release|Any CPU
		{774522C4-605E-4FF4-8043-04F82DB210F0}.Release|Any CPU.Build.0 = Release|Any CPU
		{774522C4-605E-4FF4-8043-04F82DB210F0}.Release|x64.ActiveCfg = Release|Any CPU
		{774522C4-605E-4FF4-8043-04F82DB210F0}.Release|x64.Build.0 = Release|Any CPU
		{774522C4-605E-4FF4-8043-04F82DB210F0}.Release|x86.ActiveCfg = Release|Any CPU
		{774522C4-605E-4FF4-8043-04F82DB210F0}.Release|x86.Build.0 = Release|Any CPU
		{92253303-3E20-4C68-ACF5-8A246622AB8E}.Debug|Any CPU.ActiveCfg = Debug|Any CPU
		{92253303-3E20-4C68-ACF5-8A246622AB8E}.Debug|Any CPU.Build.0 = Debug|Any CPU
		{92253303-3E20-4C68-ACF5-8A246622AB8E}.Debug|x64.ActiveCfg = Debug|Any CPU
		{92253303-3E20-4C68-ACF5-8A246622AB8E}.Debug|x64.Build.0 = Debug|Any CPU
		{92253303-3E20-4C68-ACF5-8A246622AB8E}.Debug|x86.ActiveCfg = Debug|Any CPU
		{92253303-3E20-4C68-ACF5-8A246622AB8E}.Debug|x86.Build.0 = Debug|Any CPU
		{92253303-3E20-4C68-ACF5-8A246622AB8E}.Release|Any CPU.ActiveCfg = Release|Any CPU
		{92253303-3E20-4C68-ACF5-8A246622AB8E}.Release|Any CPU.Build.0 = Release|Any CPU
		{92253303-3E20-4C68-ACF5-8A246622AB8E}.Release|x64.ActiveCfg = Release|Any CPU
		{92253303-3E20-4C68-ACF5-8A246622AB8E}.Release|x64.Build.0 = Release|Any CPU
		{92253303-3E20-4C68-ACF5-8A246622AB8E}.Release|x86.ActiveCfg = Release|Any CPU
		{92253303-3E20-4C68-ACF5-8A246622AB8E}.Release|x86.Build.0 = Release|Any CPU
		{4D19BBFD-3FC3-4C0C-A239-FF465ED2BCF0}.Debug|Any CPU.ActiveCfg = Debug|Any CPU
		{4D19BBFD-3FC3-4C0C-A239-FF465ED2BCF0}.Debug|Any CPU.Build.0 = Debug|Any CPU
		{4D19BBFD-3FC3-4C0C-A239-FF465ED2BCF0}.Debug|x64.ActiveCfg = Debug|Any CPU
		{4D19BBFD-3FC3-4C0C-A239-FF465ED2BCF0}.Debug|x64.Build.0 = Debug|Any CPU
		{4D19BBFD-3FC3-4C0C-A239-FF465ED2BCF0}.Debug|x86.ActiveCfg = Debug|Any CPU
		{4D19BBFD-3FC3-4C0C-A239-FF465ED2BCF0}.Debug|x86.Build.0 = Debug|Any CPU
		{4D19BBFD-3FC3-4C0C-A239-FF465ED2BCF0}.Release|Any CPU.ActiveCfg = Release|Any CPU
		{4D19BBFD-3FC3-4C0C-A239-FF465ED2BCF0}.Release|Any CPU.Build.0 = Release|Any CPU
		{4D19BBFD-3FC3-4C0C-A239-FF465ED2BCF0}.Release|x64.ActiveCfg = Release|Any CPU
		{4D19BBFD-3FC3-4C0C-A239-FF465ED2BCF0}.Release|x64.Build.0 = Release|Any CPU
		{4D19BBFD-3FC3-4C0C-A239-FF465ED2BCF0}.Release|x86.ActiveCfg = Release|Any CPU
		{4D19BBFD-3FC3-4C0C-A239-FF465ED2BCF0}.Release|x86.Build.0 = Release|Any CPU
		{99BC5CB2-BA24-477C-8A31-998B5BA99B61}.Debug|Any CPU.ActiveCfg = Debug|Any CPU
		{99BC5CB2-BA24-477C-8A31-998B5BA99B61}.Debug|Any CPU.Build.0 = Debug|Any CPU
		{99BC5CB2-BA24-477C-8A31-998B5BA99B61}.Debug|x64.ActiveCfg = Debug|Any CPU
		{99BC5CB2-BA24-477C-8A31-998B5BA99B61}.Debug|x64.Build.0 = Debug|Any CPU
		{99BC5CB2-BA24-477C-8A31-998B5BA99B61}.Debug|x86.ActiveCfg = Debug|Any CPU
		{99BC5CB2-BA24-477C-8A31-998B5BA99B61}.Debug|x86.Build.0 = Debug|Any CPU
		{99BC5CB2-BA24-477C-8A31-998B5BA99B61}.Release|Any CPU.ActiveCfg = Release|Any CPU
		{99BC5CB2-BA24-477C-8A31-998B5BA99B61}.Release|Any CPU.Build.0 = Release|Any CPU
		{99BC5CB2-BA24-477C-8A31-998B5BA99B61}.Release|x64.ActiveCfg = Release|Any CPU
		{99BC5CB2-BA24-477C-8A31-998B5BA99B61}.Release|x64.Build.0 = Release|Any CPU
		{99BC5CB2-BA24-477C-8A31-998B5BA99B61}.Release|x86.ActiveCfg = Release|Any CPU
		{99BC5CB2-BA24-477C-8A31-998B5BA99B61}.Release|x86.Build.0 = Release|Any CPU
		{B3A30607-53DB-46DD-B927-60BD5A35F068}.Debug|Any CPU.ActiveCfg = Debug|Any CPU
		{B3A30607-53DB-46DD-B927-60BD5A35F068}.Debug|Any CPU.Build.0 = Debug|Any CPU
		{B3A30607-53DB-46DD-B927-60BD5A35F068}.Debug|x64.ActiveCfg = Debug|Any CPU
		{B3A30607-53DB-46DD-B927-60BD5A35F068}.Debug|x64.Build.0 = Debug|Any CPU
		{B3A30607-53DB-46DD-B927-60BD5A35F068}.Debug|x86.ActiveCfg = Debug|Any CPU
		{B3A30607-53DB-46DD-B927-60BD5A35F068}.Debug|x86.Build.0 = Debug|Any CPU
		{B3A30607-53DB-46DD-B927-60BD5A35F068}.Release|Any CPU.ActiveCfg = Release|Any CPU
		{B3A30607-53DB-46DD-B927-60BD5A35F068}.Release|Any CPU.Build.0 = Release|Any CPU
		{B3A30607-53DB-46DD-B927-60BD5A35F068}.Release|x64.ActiveCfg = Release|Any CPU
		{B3A30607-53DB-46DD-B927-60BD5A35F068}.Release|x64.Build.0 = Release|Any CPU
		{B3A30607-53DB-46DD-B927-60BD5A35F068}.Release|x86.ActiveCfg = Release|Any CPU
		{B3A30607-53DB-46DD-B927-60BD5A35F068}.Release|x86.Build.0 = Release|Any CPU
		{3787A0E0-A5FA-4DC3-8C17-C85A0D4DC832}.Debug|Any CPU.ActiveCfg = Debug|Any CPU
		{3787A0E0-A5FA-4DC3-8C17-C85A0D4DC832}.Debug|Any CPU.Build.0 = Debug|Any CPU
		{3787A0E0-A5FA-4DC3-8C17-C85A0D4DC832}.Debug|x64.ActiveCfg = Debug|Any CPU
		{3787A0E0-A5FA-4DC3-8C17-C85A0D4DC832}.Debug|x64.Build.0 = Debug|Any CPU
		{3787A0E0-A5FA-4DC3-8C17-C85A0D4DC832}.Debug|x86.ActiveCfg = Debug|Any CPU
		{3787A0E0-A5FA-4DC3-8C17-C85A0D4DC832}.Debug|x86.Build.0 = Debug|Any CPU
		{3787A0E0-A5FA-4DC3-8C17-C85A0D4DC832}.Release|Any CPU.ActiveCfg = Release|Any CPU
		{3787A0E0-A5FA-4DC3-8C17-C85A0D4DC832}.Release|Any CPU.Build.0 = Release|Any CPU
		{3787A0E0-A5FA-4DC3-8C17-C85A0D4DC832}.Release|x64.ActiveCfg = Release|Any CPU
		{3787A0E0-A5FA-4DC3-8C17-C85A0D4DC832}.Release|x64.Build.0 = Release|Any CPU
		{3787A0E0-A5FA-4DC3-8C17-C85A0D4DC832}.Release|x86.ActiveCfg = Release|Any CPU
		{3787A0E0-A5FA-4DC3-8C17-C85A0D4DC832}.Release|x86.Build.0 = Release|Any CPU
	EndGlobalSection
	GlobalSection(SolutionProperties) = preSolution
		HideSolutionNode = FALSE
	EndGlobalSection
	GlobalSection(NestedProjects) = preSolution
		{2E5199A6-1F08-41D7-8E1A-AC9B3E9B7829} = {827E0CD3-B72D-47B6-A68D-7590B98EB39B}
		{5E13ADE8-FD56-46F1-AB34-41CF8EB557C2} = {827E0CD3-B72D-47B6-A68D-7590B98EB39B}
		{C5E11315-446D-4836-ACEC-B6A0E58C1CE8} = {827E0CD3-B72D-47B6-A68D-7590B98EB39B}
		{30C528E5-91F9-4830-A752-8DAE4725CBB2} = {827E0CD3-B72D-47B6-A68D-7590B98EB39B}
		{C077B989-707F-4754-9B65-C0C93EAA2706} = {827E0CD3-B72D-47B6-A68D-7590B98EB39B}
		{0C223B07-D0D3-49BE-9C04-7C0FE3F62FB7} = {827E0CD3-B72D-47B6-A68D-7590B98EB39B}
		{553DB104-2A2A-45BC-9042-66214B8CEF56} = {827E0CD3-B72D-47B6-A68D-7590B98EB39B}
		{44EDAFA5-8CC8-4D42-8947-C14A392AD899} = {827E0CD3-B72D-47B6-A68D-7590B98EB39B}
		{0571466C-D7D5-4C19-AC2B-6A5FABCE4CBE} = {827E0CD3-B72D-47B6-A68D-7590B98EB39B}
		{257E58F9-3653-403B-A28B-BA8FF9DB0FCA} = {827E0CD3-B72D-47B6-A68D-7590B98EB39B}
		{BA9BDD0F-F92F-4034-A081-1E118E9C5E63} = {827E0CD3-B72D-47B6-A68D-7590B98EB39B}
		{774522C4-605E-4FF4-8043-04F82DB210F0} = {827E0CD3-B72D-47B6-A68D-7590B98EB39B}
		{92253303-3E20-4C68-ACF5-8A246622AB8E} = {0AB3BF05-4346-4AA6-1389-037BE0695223}
		{4D19BBFD-3FC3-4C0C-A239-FF465ED2BCF0} = {0AB3BF05-4346-4AA6-1389-037BE0695223}
		{99BC5CB2-BA24-477C-8A31-998B5BA99B61} = {0AB3BF05-4346-4AA6-1389-037BE0695223}
		{B3A30607-53DB-46DD-B927-60BD5A35F068} = {0AB3BF05-4346-4AA6-1389-037BE0695223}
		{3787A0E0-A5FA-4DC3-8C17-C85A0D4DC832} = {827E0CD3-B72D-47B6-A68D-7590B98EB39B}
	EndGlobalSection
EndGlobal
